
Microsoft Visual Studio Solution File, Format Version 12.00
# Visual Studio Version 17
VisualStudioVersion = 17.9.34728.123
MinimumVisualStudioVersion = 10.0.40219.1
Project("{9A19103F-16F7-4668-BE54-9A1E7A4F7556}") = "Service", "Service\Service.csproj", "{6876BF1C-02CB-4E92-9965-1893018951BE}"
EndProject
Project("{54435603-DBB4-11D2-8724-00A0C9A8B90C}") = "Setup", "Setup\Setup.vdproj", "{82CA4172-2E12-4A53-8499-50F808366E3B}"
EndProject
Global
	GlobalSection(SolutionConfigurationPlatforms) = preSolution
		Debug|Any CPU = Debug|Any CPU
		Release|Any CPU = Release|Any CPU
	EndGlobalSection
	GlobalSection(ProjectConfigurationPlatforms) = postSolution
		{6876BF1C-02CB-4E92-9965-1893018951BE}.Debug|Any CPU.ActiveCfg = Debug|Any CPU
		{6876BF1C-02CB-4E92-9965-1893018951BE}.Debug|Any CPU.Build.0 = Debug|Any CPU
		{6876BF1C-02CB-4E92-9965-1893018951BE}.Release|Any CPU.ActiveCfg = Release|Any CPU
		{6876BF1C-02CB-4E92-9965-1893018951BE}.Release|Any CPU.Build.0 = Release|Any CPU
		{82CA4172-2E12-4A53-8499-50F808366E3B}.Debug|Any CPU.ActiveCfg = Debug
		{82CA4172-2E12-4A53-8499-50F808366E3B}.Release|Any CPU.ActiveCfg = Release
	EndGlobalSection
	GlobalSection(SolutionProperties) = preSolution
		HideSolutionNode = FALSE
	EndGlobalSection
	GlobalSection(ExtensibilityGlobals) = postSolution
		SolutionGuid = {28B6B589-C75E-4820-8B37-FD3755E71171}
	EndGlobalSection
EndGlobal
